
Microsoft Visual Studio Solution File, Format Version 12.00
# Visual Studio Version 17
VisualStudioVersion = 17.7.34202.233
MinimumVisualStudioVersion = 10.0.40219.1
Project("{FAE04EC0-301F-11D3-BF4B-00C04F79EFBC}") = "Botis_Laura_Lab2", "Botis_Laura_Lab2.csproj", "{BBDD27E9-A053-466D-848D-7DA2DBF7DA41}"
EndProject
Global
	GlobalSection(SolutionConfigurationPlatforms) = preSolution
		Debug|Any CPU = Debug|Any CPU
		Release|Any CPU = Release|Any CPU
	EndGlobalSection
	GlobalSection(ProjectConfigurationPlatforms) = postSolution
		{BBDD27E9-A053-466D-848D-7DA2DBF7DA41}.Debug|Any CPU.ActiveCfg = Debug|Any CPU
		{BBDD27E9-A053-466D-848D-7DA2DBF7DA41}.Debug|Any CPU.Build.0 = Debug|Any CPU
		{BBDD27E9-A053-466D-848D-7DA2DBF7DA41}.Release|Any CPU.ActiveCfg = Release|Any CPU
		{BBDD27E9-A053-466D-848D-7DA2DBF7DA41}.Release|Any CPU.Build.0 = Release|Any CPU
	EndGlobalSection
	GlobalSection(SolutionProperties) = preSolution
		HideSolutionNode = FALSE
	EndGlobalSection
	GlobalSection(ExtensibilityGlobals) = postSolution
		SolutionGuid = {1EF7FF63-3FF2-4BA2-884E-1E2F83A8A1D8}
	EndGlobalSection
EndGlobal
